
Microsoft Visual Studio Solution File, Format Version 12.00
# Visual Studio Version 17
VisualStudioVersion = 17.2.32630.192
MinimumVisualStudioVersion = 10.0.40219.1
Project("{FAE04EC0-301F-11D3-BF4B-00C04F79EFBC}") = "FizzBuzz", "FizzBuzz\FizzBuzz.csproj", "{427A3FC9-03AF-41DB-8EC2-FFA07AAD3001}"
EndProject
Project("{FAE04EC0-301F-11D3-BF4B-00C04F79EFBC}") = "FizzBuzz.Test", "FizzBuzz.Test\FizzBuzz.Test.csproj", "{ED14F08E-D017-47ED-ABAE-22D7FEF399FF}"
EndProject
Global
	GlobalSection(SolutionConfigurationPlatforms) = preSolution
		Debug|Any CPU = Debug|Any CPU
		Release|Any CPU = Release|Any CPU
	EndGlobalSection
	GlobalSection(ProjectConfigurationPlatforms) = postSolution
		{427A3FC9-03AF-41DB-8EC2-FFA07AAD3001}.Debug|Any CPU.ActiveCfg = Debug|Any CPU
		{427A3FC9-03AF-41DB-8EC2-FFA07AAD3001}.Debug|Any CPU.Build.0 = Debug|Any CPU
		{427A3FC9-03AF-41DB-8EC2-FFA07AAD3001}.Release|Any CPU.ActiveCfg = Release|Any CPU
		{427A3FC9-03AF-41DB-8EC2-FFA07AAD3001}.Release|Any CPU.Build.0 = Release|Any CPU
		{ED14F08E-D017-47ED-ABAE-22D7FEF399FF}.Debug|Any CPU.ActiveCfg = Debug|Any CPU
		{ED14F08E-D017-47ED-ABAE-22D7FEF399FF}.Debug|Any CPU.Build.0 = Debug|Any CPU
		{ED14F08E-D017-47ED-ABAE-22D7FEF399FF}.Release|Any CPU.ActiveCfg = Release|Any CPU
		{ED14F08E-D017-47ED-ABAE-22D7FEF399FF}.Release|Any CPU.Build.0 = Release|Any CPU
	EndGlobalSection
	GlobalSection(SolutionProperties) = preSolution
		HideSolutionNode = FALSE
	EndGlobalSection
	GlobalSection(ExtensibilityGlobals) = postSolution
		SolutionGuid = {F1569D28-EF96-43C5-A33C-9CB186F03664}
	EndGlobalSection
EndGlobal
